
Microsoft Visual Studio Solution File, Format Version 12.00
# Visual Studio Version 17
VisualStudioVersion = 17.2.32630.192
MinimumVisualStudioVersion = 10.0.40219.1
Project("{FAE04EC0-301F-11D3-BF4B-00C04F79EFBC}") = "Aribilgi.BankApp.Web", "Aribilgi.BankApp.Web\Aribilgi.BankApp.Web.csproj", "{FDB26745-BE6F-469E-8D7E-31093F1400F1}"
EndProject
Global
	GlobalSection(SolutionConfigurationPlatforms) = preSolution
		Debug|Any CPU = Debug|Any CPU
		Release|Any CPU = Release|Any CPU
	EndGlobalSection
	GlobalSection(ProjectConfigurationPlatforms) = postSolution
		{FDB26745-BE6F-469E-8D7E-31093F1400F1}.Debug|Any CPU.ActiveCfg = Debug|Any CPU
		{FDB26745-BE6F-469E-8D7E-31093F1400F1}.Debug|Any CPU.Build.0 = Debug|Any CPU
		{FDB26745-BE6F-469E-8D7E-31093F1400F1}.Release|Any CPU.ActiveCfg = Release|Any CPU
		{FDB26745-BE6F-469E-8D7E-31093F1400F1}.Release|Any CPU.Build.0 = Release|Any CPU
	EndGlobalSection
	GlobalSection(SolutionProperties) = preSolution
		HideSolutionNode = FALSE
	EndGlobalSection
	GlobalSection(ExtensibilityGlobals) = postSolution
		SolutionGuid = {C076693C-99EE-4BC9-A0B5-3174D359F06D}
	EndGlobalSection
EndGlobal
